{
	"name": "typescript-vue-plugin",
	"version": "0.30.3-alpha.0",
	"lockfileVersion": 2,
	"requires": true,
	"packages": {
		"": {
			"name": "typescript-vue-plugin",
			"version": "0.30.2",
			"license": "MIT",
			"dependencies": {
				"upath": "^2.0.1"
			},
			"devDependencies": {
				"typescript": "latest"
			}
		},
		"node_modules/typescript": {
			"version": "4.5.4",
			"resolved": "https://registry.npmjs.org/typescript/-/typescript-4.5.4.tgz",
			"integrity": "sha512-VgYs2A2QIRuGphtzFV7aQJduJ2gyfTljngLzjpfW9FoYZF6xuw1W0vW9ghCKLfcWrCFxK81CSGRAvS1pn4fIUg==",
			"dev": true,
			"bin": {
				"tsc": "bin/tsc",
				"tsserver": "bin/tsserver"
			},
			"engines": {
				"node": ">=4.2.0"
			}
		},
		"node_modules/upath": {
			"version": "2.0.1",
			"resolved": "https://registry.npmjs.org/upath/-/upath-2.0.1.tgz",
			"integrity": "sha512-1uEe95xksV1O0CYKXo8vQvN1JEbtJp7lb7C5U9HMsIp6IVwntkH/oNUzyVNQSd4S1sYk2FpSSW44FqMc8qee5w==",
			"engines": {
				"node": ">=4",
				"yarn": "*"
			}
		}
	},
	"dependencies": {
		"typescript": {
			"version": "4.5.4",
			"resolved": "https://registry.npmjs.org/typescript/-/typescript-4.5.4.tgz",
			"integrity": "sha512-VgYs2A2QIRuGphtzFV7aQJduJ2gyfTljngLzjpfW9FoYZF6xuw1W0vW9ghCKLfcWrCFxK81CSGRAvS1pn4fIUg==",
			"dev": true
		},
		"upath": {
			"version": "2.0.1",
			"resolved": "https://registry.npmjs.org/upath/-/upath-2.0.1.tgz",
			"integrity": "sha512-1uEe95xksV1O0CYKXo8vQvN1JEbtJp7lb7C5U9HMsIp6IVwntkH/oNUzyVNQSd4S1sYk2FpSSW44FqMc8qee5w=="
		}
	}
}
