{
	"name": "@volar/source-map",
	"version": "0.30.3-alpha.0",
	"lockfileVersion": 2,
	"requires": true,
	"packages": {
		"": {
			"name": "@volar/source-map",
			"version": "0.30.2",
			"license": "MIT",
			"dependencies": {
				"vscode-languageserver-textdocument": "^1.0.3"
			}
		},
		"node_modules/vscode-languageserver-textdocument": {
			"version": "1.0.3",
			"resolved": "https://registry.npmjs.org/vscode-languageserver-textdocument/-/vscode-languageserver-textdocument-1.0.3.tgz",
			"integrity": "sha512-ynEGytvgTb6HVSUwPJIAZgiHQmPCx8bZ8w5um5Lz+q5DjP0Zj8wTFhQpyg8xaMvefDytw2+HH5yzqS+FhsR28A=="
		}
	},
	"dependencies": {
		"vscode-languageserver-textdocument": {
			"version": "1.0.3",
			"resolved": "https://registry.npmjs.org/vscode-languageserver-textdocument/-/vscode-languageserver-textdocument-1.0.3.tgz",
			"integrity": "sha512-ynEGytvgTb6HVSUwPJIAZgiHQmPCx8bZ8w5um5Lz+q5DjP0Zj8wTFhQpyg8xaMvefDytw2+HH5yzqS+FhsR28A=="
		}
	}
}
